// !$*UTF8*$!
{
	archiveVersion = 1;
	classes = {
	};
	objectVersion = 50;
	objects = {

/* Begin PBXBuildFile section */
		7E00CB7B219D0ECC00D3EFB5 /* WSSingManager.swift in Sources */ = {isa = PBXBuildFile; fileRef = 7E00CB7A219D0ECC00D3EFB5 /* WSSingManager.swift */; };
		7E00CB7D219D1E8D00D3EFB5 /* qingqu.mp3 in Resources */ = {isa = PBXBuildFile; fileRef = 7E00CB7C219D1E8D00D3EFB5 /* qingqu.mp3 */; };
		7EE7854921773CFE00831A0E /* AppDelegate.swift in Sources */ = {isa = PBXBuildFile; fileRef = 7EE7854821773CFE00831A0E /* AppDelegate.swift */; };
		7EE7854B21773CFE00831A0E /* ViewController.swift in Sources */ = {isa = PBXBuildFile; fileRef = 7EE7854A21773CFE00831A0E /* ViewController.swift */; };
		7EE7854E21773CFE00831A0E /* Main.storyboard in Resources */ = {isa = PBXBuildFile; fileRef = 7EE7854C21773CFE00831A0E /* Main.storyboard */; };
		7EE7855021773CFF00831A0E /* Assets.xcassets in Resources */ = {isa = PBXBuildFile; fileRef = 7EE7854F21773CFF00831A0E /* Assets.xcassets */; };
		7EE7855321773CFF00831A0E /* LaunchScreen.storyboard in Resources */ = {isa = PBXBuildFile; fileRef = 7EE7855121773CFF00831A0E /* LaunchScreen.storyboard */; };
		C029AFD509BEEE71B2505AA3 /* Pods_AudioKitDemo.framework in Frameworks */ = {isa = PBXBuildFile; fileRef = 317328E1D875847DC8583D89 /* Pods_AudioKitDemo.framework */; };
/* End PBXBuildFile section */

/* Begin PBXFileReference section */
		317328E1D875847DC8583D89 /* Pods_AudioKitDemo.framework */ = {isa = PBXFileReference; explicitFileType = wrapper.framework; includeInIndex = 0; path = Pods_AudioKitDemo.framework; sourceTree = BUILT_PRODUCTS_DIR; };
		51588B22D0D8239A6394D066 /* Pods-AudioKitDemo.release.xcconfig */ = {isa = PBXFileReference; includeInIndex = 1; lastKnownFileType = text.xcconfig; name = "Pods-AudioKitDemo.release.xcconfig"; path = "Pods/Target Support Files/Pods-AudioKitDemo/Pods-AudioKitDemo.release.xcconfig"; sourceTree = "<group>"; };
		7E00CB7A219D0ECC00D3EFB5 /* WSSingManager.swift */ = {isa = PBXFileReference; lastKnownFileType = sourcecode.swift; path = WSSingManager.swift; sourceTree = "<group>"; };
		7E00CB7C219D1E8D00D3EFB5 /* qingqu.mp3 */ = {isa = PBXFileReference; lastKnownFileType = audio.mp3; path = qingqu.mp3; sourceTree = "<group>"; };
		7EE7854521773CFE00831A0E /* AudioKitDemo.app */ = {isa = PBXFileReference; explicitFileType = wrapper.application; includeInIndex = 0; path = AudioKitDemo.app; sourceTree = BUILT_PRODUCTS_DIR; };
		7EE7854821773CFE00831A0E /* AppDelegate.swift */ = {isa = PBXFileReference; lastKnownFileType = sourcecode.swift; path = AppDelegate.swift; sourceTree = "<group>"; };
		7EE7854A21773CFE00831A0E /* ViewController.swift */ = {isa = PBXFileReference; lastKnownFileType = sourcecode.swift; path = ViewController.swift; sourceTree = "<group>"; };
		7EE7854D21773CFE00831A0E /* Base */ = {isa = PBXFileReference; lastKnownFileType = file.storyboard; name = Base; path = Base.lproj/Main.storyboard; sourceTree = "<group>"; };
		7EE7854F21773CFF00831A0E /* Assets.xcassets */ = {isa = PBXFileReference; lastKnownFileType = folder.assetcatalog; path = Assets.xcassets; sourceTree = "<group>"; };
		7EE7855221773CFF00831A0E /* Base */ = {isa = PBXFileReference; lastKnownFileType = file.storyboard; name = Base; path = Base.lproj/LaunchScreen.storyboard; sourceTree = "<group>"; };
		7EE7855421773CFF00831A0E /* Info.plist */ = {isa = PBXFileReference; lastKnownFileType = text.plist.xml; path = Info.plist; sourceTree = "<group>"; };
		D1BE4C1DEC0D5236A2AA1C72 /* Pods-AudioKitDemo.debug.xcconfig */ = {isa = PBXFileReference; includeInIndex = 1; lastKnownFileType = text.xcconfig; name = "Pods-AudioKitDemo.debug.xcconfig"; path = "Pods/Target Support Files/Pods-AudioKitDemo/Pods-AudioKitDemo.debug.xcconfig"; sourceTree = "<group>"; };
/* End PBXFileReference section */

/* Begin PBXFrameworksBuildPhase section */
		7EE7854221773CFE00831A0E /* Frameworks */ = {
			isa = PBXFrameworksBuildPhase;
			buildActionMask = 2147483647;
			files = (
				C029AFD509BEEE71B2505AA3 /* Pods_AudioKitDemo.framework in Frameworks */,
			);
			runOnlyForDeploymentPostprocessing = 0;
		};
/* End PBXFrameworksBuildPhase section */

/* Begin PBXGroup section */
		7EE7853C21773CFE00831A0E = {
			isa = PBXGroup;
			children = (
				7EE7854721773CFE00831A0E /* AudioKitDemo */,
				7EE7854621773CFE00831A0E /* Products */,
				DEE3586F585D4AD9DEC77625 /* Pods */,
				DEA201250614B76C9CFC5F7A /* Frameworks */,
			);
			sourceTree = "<group>";
		};
		7EE7854621773CFE00831A0E /* Products */ = {
			isa = PBXGroup;
			children = (
				7EE7854521773CFE00831A0E /* AudioKitDemo.app */,
			);
			name = Products;
			sourceTree = "<group>";
		};
		7EE7854721773CFE00831A0E /* AudioKitDemo */ = {
			isa = PBXGroup;
			children = (
				7E00CB7C219D1E8D00D3EFB5 /* qingqu.mp3 */,
				7EE7854821773CFE00831A0E /* AppDelegate.swift */,
				7EE7854A21773CFE00831A0E /* ViewController.swift */,
				7E00CB7A219D0ECC00D3EFB5 /* WSSingManager.swift */,
				7EE7854C21773CFE00831A0E /* Main.storyboard */,
				7EE7854F21773CFF00831A0E /* Assets.xcassets */,
				7EE7855121773CFF00831A0E /* LaunchScreen.storyboard */,
				7EE7855421773CFF00831A0E /* Info.plist */,
			);
			path = AudioKitDemo;
			sourceTree = "<group>";
		};
		DEA201250614B76C9CFC5F7A /* Frameworks */ = {
			isa = PBXGroup;
			children = (
				317328E1D875847DC8583D89 /* Pods_AudioKitDemo.framework */,
			);
			name = Frameworks;
			sourceTree = "<group>";
		};
		DEE3586F585D4AD9DEC77625 /* Pods */ = {
			isa = PBXGroup;
			children = (
				D1BE4C1DEC0D5236A2AA1C72 /* Pods-AudioKitDemo.debug.xcconfig */,
				51588B22D0D8239A6394D066 /* Pods-AudioKitDemo.release.xcconfig */,
			);
			name = Pods;
			sourceTree = "<group>";
		};
/* End PBXGroup section */

/* Begin PBXNativeTarget section */
		7EE7854421773CFE00831A0E /* AudioKitDemo */ = {
			isa = PBXNativeTarget;
			buildConfigurationList = 7EE7855721773CFF00831A0E /* Build configuration list for PBXNativeTarget "AudioKitDemo" */;
			buildPhases = (
				6FD38FB98697EF831DB456D1 /* [CP] Check Pods Manifest.lock */,
				7EE7854121773CFE00831A0E /* Sources */,
				7EE7854221773CFE00831A0E /* Frameworks */,
				7EE7854321773CFE00831A0E /* Resources */,
				E8210BAF2E936E1E0C561128 /* [CP] Embed Pods Frameworks */,
			);
			buildRules = (
			);
			dependencies = (
			);
			name = AudioKitDemo;
			productName = AudioKitDemo;
			productReference = 7EE7854521773CFE00831A0E /* AudioKitDemo.app */;
			productType = "com.apple.product-type.application";
		};
/* End PBXNativeTarget section */

/* Begin PBXProject section */
		7EE7853D21773CFE00831A0E /* Project object */ = {
			isa = PBXProject;
			attributes = {
				LastSwiftUpdateCheck = 1000;
				LastUpgradeCheck = 1000;
				ORGANIZATIONNAME = "田向阳";
				TargetAttributes = {
					7EE7854421773CFE00831A0E = {
						CreatedOnToolsVersion = 10.0;
					};
				};
			};
			buildConfigurationList = 7EE7854021773CFE00831A0E /* Build configuration list for PBXProject "AudioKitDemo" */;
			compatibilityVersion = "Xcode 9.3";
			developmentRegion = en;
			hasScannedForEncodings = 0;
			knownRegions = (
				en,
				Base,
			);
			mainGroup = 7EE7853C21773CFE00831A0E;
			productRefGroup = 7EE7854621773CFE00831A0E /* Products */;
			projectDirPath = "";
			projectRoot = "";
			targets = (
				7EE7854421773CFE00831A0E /* AudioKitDemo */,
			);
		};
/* End PBXProject section */

/* Begin PBXResourcesBuildPhase section */
		7EE7854321773CFE00831A0E /* Resources */ = {
			isa = PBXResourcesBuildPhase;
			buildActionMask = 2147483647;
			files = (
				7EE7855321773CFF00831A0E /* LaunchScreen.storyboard in Resources */,
				7E00CB7D219D1E8D00D3EFB5 /* qingqu.mp3 in Resources */,
				7EE7855021773CFF00831A0E /* Assets.xcassets in Resources */,
				7EE7854E21773CFE00831A0E /* Main.storyboard in Resources */,
			);
			runOnlyForDeploymentPostprocessing = 0;
		};
/* End PBXResourcesBuildPhase section */

/* Begin PBXShellScriptBuildPhase section */
		6FD38FB98697EF831DB456D1 /* [CP] Check Pods Manifest.lock */ = {
			isa = PBXShellScriptBuildPhase;
			buildActionMask = 2147483647;
			files = (
			);
			inputPaths = (
				"${PODS_PODFILE_DIR_PATH}/Podfile.lock",
				"${PODS_ROOT}/Manifest.lock",
			);
			name = "[CP] Check Pods Manifest.lock";
			outputPaths = (
				"$(DERIVED_FILE_DIR)/Pods-AudioKitDemo-checkManifestLockResult.txt",
			);
			runOnlyForDeploymentPostprocessing = 0;
			shellPath = /bin/sh;
			shellScript = "diff \"${PODS_PODFILE_DIR_PATH}/Podfile.lock\" \"${PODS_ROOT}/Manifest.lock\" > /dev/null\nif [ $? != 0 ] ; then\n    # print error to STDERR\n    echo \"error: The sandbox is not in sync with the Podfile.lock. Run 'pod install' or update your CocoaPods installation.\" >&2\n    exit 1\nfi\n# This output is used by Xcode 'outputs' to avoid re-running this script phase.\necho \"SUCCESS\" > \"${SCRIPT_OUTPUT_FILE_0}\"\n";
			showEnvVarsInLog = 0;
		};
		E8210BAF2E936E1E0C561128 /* [CP] Embed Pods Frameworks */ = {
			isa = PBXShellScriptBuildPhase;
			buildActionMask = 2147483647;
			files = (
			);
			inputPaths = (
				"${SRCROOT}/Pods/Target Support Files/Pods-AudioKitDemo/Pods-AudioKitDemo-frameworks.sh",
				"${BUILT_PRODUCTS_DIR}/SandboxFileManager/SandboxFileManager.framework",
				"${BUILT_PRODUCTS_DIR}/SnapKit/SnapKit.framework",
			);
			name = "[CP] Embed Pods Frameworks";
			outputPaths = (
				"${TARGET_BUILD_DIR}/${FRAMEWORKS_FOLDER_PATH}/SandboxFileManager.framework",
				"${TARGET_BUILD_DIR}/${FRAMEWORKS_FOLDER_PATH}/SnapKit.framework",
			);
			runOnlyForDeploymentPostprocessing = 0;
			shellPath = /bin/sh;
			shellScript = "\"${SRCROOT}/Pods/Target Support Files/Pods-AudioKitDemo/Pods-AudioKitDemo-frameworks.sh\"\n";
			showEnvVarsInLog = 0;
		};
/* End PBXShellScriptBuildPhase section */

/* Begin PBXSourcesBuildPhase section */
		7EE7854121773CFE00831A0E /* Sources */ = {
			isa = PBXSourcesBuildPhase;
			buildActionMask = 2147483647;
			files = (
				7EE7854B21773CFE00831A0E /* ViewController.swift in Sources */,
				7E00CB7B219D0ECC00D3EFB5 /* WSSingManager.swift in Sources */,
				7EE7854921773CFE00831A0E /* AppDelegate.swift in Sources */,
			);
			runOnlyForDeploymentPostprocessing = 0;
		};
/* End PBXSourcesBuildPhase section */

/* Begin PBXVariantGroup section */
		7EE7854C21773CFE00831A0E /* Main.storyboard */ = {
			isa = PBXVariantGroup;
			children = (
				7EE7854D21773CFE00831A0E /* Base */,
			);
			name = Main.storyboard;
			sourceTree = "<group>";
		};
		7EE7855121773CFF00831A0E /* LaunchScreen.storyboard */ = {
			isa = PBXVariantGroup;
			children = (
				7EE7855221773CFF00831A0E /* Base */,
			);
			name = LaunchScreen.storyboard;
			sourceTree = "<group>";
		};
/* End PBXVariantGroup section */

/* Begin XCBuildConfiguration section */
		7EE7855521773CFF00831A0E /* Debug */ = {
			isa = XCBuildConfiguration;
			buildSettings = {
				ALWAYS_SEARCH_USER_PATHS = NO;
				CLANG_ANALYZER_NONNULL = YES;
				CLANG_ANALYZER_NUMBER_OBJECT_CONVERSION = YES_AGGRESSIVE;
				CLANG_CXX_LANGUAGE_STANDARD = "gnu++14";
				CLANG_CXX_LIBRARY = "libc++";
				CLANG_ENABLE_MODULES = YES;
				CLANG_ENABLE_OBJC_ARC = YES;
				CLANG_ENABLE_OBJC_WEAK = YES;
				CLANG_WARN_BLOCK_CAPTURE_AUTORELEASING = YES;
				CLANG_WARN_BOOL_CONVERSION = YES;
				CLANG_WARN_COMMA = YES;
				CLANG_WARN_CONSTANT_CONVERSION = YES;
				CLANG_WARN_DEPRECATED_OBJC_IMPLEMENTATIONS = YES;
				CLANG_WARN_DIRECT_OBJC_ISA_USAGE = YES_ERROR;
				CLANG_WARN_DOCUMENTATION_COMMENTS = YES;
				CLANG_WARN_EMPTY_BODY = YES;
				CLANG_WARN_ENUM_CONVERSION = YES;
				CLANG_WARN_INFINITE_RECURSION = YES;
				CLANG_WARN_INT_CONVERSION = YES;
				CLANG_WARN_NON_LITERAL_NULL_CONVERSION = YES;
				CLANG_WARN_OBJC_IMPLICIT_RETAIN_SELF = YES;
				CLANG_WARN_OBJC_LITERAL_CONVERSION = YES;
				CLANG_WARN_OBJC_ROOT_CLASS = YES_ERROR;
				CLANG_WARN_RANGE_LOOP_ANALYSIS = YES;
				CLANG_WARN_STRICT_PROTOTYPES = YES;
				CLANG_WARN_SUSPICIOUS_MOVE = YES;
				CLANG_WARN_UNGUARDED_AVAILABILITY = YES_AGGRESSIVE;
				CLANG_WARN_UNREACHABLE_CODE = YES;
				CLANG_WARN__DUPLICATE_METHOD_MATCH = YES;
				CODE_SIGN_IDENTITY = "iPhone Developer";
				COPY_PHASE_STRIP = NO;
				DEBUG_INFORMATION_FORMAT = dwarf;
				ENABLE_STRICT_OBJC_MSGSEND = YES;
				ENABLE_TESTABILITY = YES;
				GCC_C_LANGUAGE_STANDARD = gnu11;
				GCC_DYNAMIC_NO_PIC = NO;
				GCC_NO_COMMON_BLOCKS = YES;
				GCC_OPTIMIZATION_LEVEL = 0;
				GCC_PREPROCESSOR_DEFINITIONS = (
					"DEBUG=1",
					"$(inherited)",
				);
				GCC_WARN_64_TO_32_BIT_CONVERSION = YES;
				GCC_WARN_ABOUT_RETURN_TYPE = YES_ERROR;
				GCC_WARN_UNDECLARED_SELECTOR = YES;
				GCC_WARN_UNINITIALIZED_AUTOS = YES_AGGRESSIVE;
				GCC_WARN_UNUSED_FUNCTION = YES;
				GCC_WARN_UNUSED_VARIABLE = YES;
				IPHONEOS_DEPLOYMENT_TARGET = 12.0;
				MTL_ENABLE_DEBUG_INFO = INCLUDE_SOURCE;
				MTL_FAST_MATH = YES;
				ONLY_ACTIVE_ARCH = YES;
				SDKROOT = iphoneos;
				SWIFT_ACTIVE_COMPILATION_CONDITIONS = DEBUG;
				SWIFT_OPTIMIZATION_LEVEL = "-Onone";
			};
			name = Debug;
		};
		7EE7855621773CFF00831A0E /* Release */ = {
			isa = XCBuildConfiguration;
			buildSettings = {
				ALWAYS_SEARCH_USER_PATHS = NO;
				CLANG_ANALYZER_NONNULL = YES;
				CLANG_ANALYZER_NUMBER_OBJECT_CONVERSION = YES_AGGRESSIVE;
				CLANG_CXX_LANGUAGE_STANDARD = "gnu++14";
				CLANG_CXX_LIBRARY = "libc++";
				CLANG_ENABLE_MODULES = YES;
				CLANG_ENABLE_OBJC_ARC = YES;
				CLANG_ENABLE_OBJC_WEAK = YES;
				CLANG_WARN_BLOCK_CAPTURE_AUTORELEASING = YES;
				CLANG_WARN_BOOL_CONVERSION = YES;
				CLANG_WARN_COMMA = YES;
				CLANG_WARN_CONSTANT_CONVERSION = YES;
				CLANG_WARN_DEPRECATED_OBJC_IMPLEMENTATIONS = YES;
				CLANG_WARN_DIRECT_OBJC_ISA_USAGE = YES_ERROR;
				CLANG_WARN_DOCUMENTATION_COMMENTS = YES;
				CLANG_WARN_EMPTY_BODY = YES;
				CLANG_WARN_ENUM_CONVERSION = YES;
				CLANG_WARN_INFINITE_RECURSION = YES;
				CLANG_WARN_INT_CONVERSION = YES;
				CLANG_WARN_NON_LITERAL_NULL_CONVERSION = YES;
				CLANG_WARN_OBJC_IMPLICIT_RETAIN_SELF = YES;
				CLANG_WARN_OBJC_LITERAL_CONVERSION = YES;
				CLANG_WARN_OBJC_ROOT_CLASS = YES_ERROR;
				CLANG_WARN_RANGE_LOOP_ANALYSIS = YES;
				CLANG_WARN_STRICT_PROTOTYPES = YES;
				CLANG_WARN_SUSPICIOUS_MOVE = YES;
				CLANG_WARN_UNGUARDED_AVAILABILITY = YES_AGGRESSIVE;
				CLANG_WARN_UNREACHABLE_CODE = YES;
				CLANG_WARN__DUPLICATE_METHOD_MATCH = YES;
				CODE_SIGN_IDENTITY = "iPhone Developer";
				COPY_PHASE_STRIP = NO;
				DEBUG_INFORMATION_FORMAT = "dwarf-with-dsym";
				ENABLE_NS_ASSERTIONS = NO;
				ENABLE_STRICT_OBJC_MSGSEND = YES;
				GCC_C_LANGUAGE_STANDARD = gnu11;
				GCC_NO_COMMON_BLOCKS = YES;
				GCC_WARN_64_TO_32_BIT_CONVERSION = YES;
				GCC_WARN_ABOUT_RETURN_TYPE = YES_ERROR;
				GCC_WARN_UNDECLARED_SELECTOR = YES;
				GCC_WARN_UNINITIALIZED_AUTOS = YES_AGGRESSIVE;
				GCC_WARN_UNUSED_FUNCTION = YES;
				GCC_WARN_UNUSED_VARIABLE = YES;
				IPHONEOS_DEPLOYMENT_TARGET = 12.0;
				MTL_ENABLE_DEBUG_INFO = NO;
				MTL_FAST_MATH = YES;
				SDKROOT = iphoneos;
				SWIFT_COMPILATION_MODE = wholemodule;
				SWIFT_OPTIMIZATION_LEVEL = "-O";
				VALIDATE_PRODUCT = YES;
			};
			name = Release;
		};
		7EE7855821773CFF00831A0E /* Debug */ = {
			isa = XCBuildConfiguration;
			baseConfigurationReference = D1BE4C1DEC0D5236A2AA1C72 /* Pods-AudioKitDemo.debug.xcconfig */;
			buildSettings = {
				ASSETCATALOG_COMPILER_APPICON_NAME = AppIcon;
				CODE_SIGN_STYLE = Automatic;
				DEVELOPMENT_TEAM = 7B6K9HG8TT;
				FRAMEWORK_SEARCH_PATHS = (
					"$(inherited)",
					"$(PROJECT_DIR)/AudioKitDemo",
				);
				INFOPLIST_FILE = AudioKitDemo/Info.plist;
				LD_RUNPATH_SEARCH_PATHS = (
					"$(inherited)",
					"@executable_path/Frameworks",
				);
				PRODUCT_BUNDLE_IDENTIFIER = com.af.AudioKitDemo;
				PRODUCT_NAME = "$(TARGET_NAME)";
				SWIFT_VERSION = 4.2;
				TARGETED_DEVICE_FAMILY = "1,2";
			};
			name = Debug;
		};
		7EE7855921773CFF00831A0E /* Release */ = {
			isa = XCBuildConfiguration;
			baseConfigurationReference = 51588B22D0D8239A6394D066 /* Pods-AudioKitDemo.release.xcconfig */;
			buildSettings = {
				ASSETCATALOG_COMPILER_APPICON_NAME = AppIcon;
				CODE_SIGN_STYLE = Automatic;
				DEVELOPMENT_TEAM = 7B6K9HG8TT;
				FRAMEWORK_SEARCH_PATHS = (
					"$(inherited)",
					"$(PROJECT_DIR)/AudioKitDemo",
				);
				INFOPLIST_FILE = AudioKitDemo/Info.plist;
				LD_RUNPATH_SEARCH_PATHS = (
					"$(inherited)",
					"@executable_path/Frameworks",
				);
				PRODUCT_BUNDLE_IDENTIFIER = com.af.AudioKitDemo;
				PRODUCT_NAME = "$(TARGET_NAME)";
				SWIFT_VERSION = 4.2;
				TARGETED_DEVICE_FAMILY = "1,2";
			};
			name = Release;
		};
/* End XCBuildConfiguration section */

/* Begin XCConfigurationList section */
		7EE7854021773CFE00831A0E /* Build configuration list for PBXProject "AudioKitDemo" */ = {
			isa = XCConfigurationList;
			buildConfigurations = (
				7EE7855521773CFF00831A0E /* Debug */,
				7EE7855621773CFF00831A0E /* Release */,
			);
			defaultConfigurationIsVisible = 0;
			defaultConfigurationName = Release;
		};
		7EE7855721773CFF00831A0E /* Build configuration list for PBXNativeTarget "AudioKitDemo" */ = {
			isa = XCConfigurationList;
			buildConfigurations = (
				7EE7855821773CFF00831A0E /* Debug */,
				7EE7855921773CFF00831A0E /* Release */,
			);
			defaultConfigurationIsVisible = 0;
			defaultConfigurationName = Release;
		};
/* End XCConfigurationList section */
	};
	rootObject = 7EE7853D21773CFE00831A0E /* Project object */;
}
